
Microsoft Visual Studio Solution File, Format Version 12.00
# Visual Studio 15
VisualStudioVersion = 15.0.28307.168
MinimumVisualStudioVersion = 10.0.40219.1
Project("{FAE04EC0-301F-11D3-BF4B-00C04F79EFBC}") = "ToDoApp", "ToDoApp\ToDoApp.csproj", "{1D985907-D37D-46EE-BF32-0E5D72984A91}"
EndProject
Project("{FAE04EC0-301F-11D3-BF4B-00C04F79EFBC}") = "DataLayer", "DataLayer\DataLayer.csproj", "{F99236CF-F047-4F9D-A1B0-B2FDD013F073}"
EndProject
Project("{FAE04EC0-301F-11D3-BF4B-00C04F79EFBC}") = "ToDoLib", "CommonLib\ToDoLib.csproj", "{BDDFE208-0B31-4B8F-9E87-6178D520CBC4}"
EndProject
Global
	GlobalSection(SolutionConfigurationPlatforms) = preSolution
		Debug|Any CPU = Debug|Any CPU
		Release|Any CPU = Release|Any CPU
	EndGlobalSection
	GlobalSection(ProjectConfigurationPlatforms) = postSolution
		{1D985907-D37D-46EE-BF32-0E5D72984A91}.Debug|Any CPU.ActiveCfg = Debug|Any CPU
		{1D985907-D37D-46EE-BF32-0E5D72984A91}.Debug|Any CPU.Build.0 = Debug|Any CPU
		{1D985907-D37D-46EE-BF32-0E5D72984A91}.Release|Any CPU.ActiveCfg = Release|Any CPU
		{1D985907-D37D-46EE-BF32-0E5D72984A91}.Release|Any CPU.Build.0 = Release|Any CPU
		{F99236CF-F047-4F9D-A1B0-B2FDD013F073}.Debug|Any CPU.ActiveCfg = Debug|Any CPU
		{F99236CF-F047-4F9D-A1B0-B2FDD013F073}.Debug|Any CPU.Build.0 = Debug|Any CPU
		{F99236CF-F047-4F9D-A1B0-B2FDD013F073}.Release|Any CPU.ActiveCfg = Release|Any CPU
		{F99236CF-F047-4F9D-A1B0-B2FDD013F073}.Release|Any CPU.Build.0 = Release|Any CPU
		{BDDFE208-0B31-4B8F-9E87-6178D520CBC4}.Debug|Any CPU.ActiveCfg = Debug|Any CPU
		{BDDFE208-0B31-4B8F-9E87-6178D520CBC4}.Debug|Any CPU.Build.0 = Debug|Any CPU
		{BDDFE208-0B31-4B8F-9E87-6178D520CBC4}.Release|Any CPU.ActiveCfg = Release|Any CPU
		{BDDFE208-0B31-4B8F-9E87-6178D520CBC4}.Release|Any CPU.Build.0 = Release|Any CPU
	EndGlobalSection
	GlobalSection(SolutionProperties) = preSolution
		HideSolutionNode = FALSE
	EndGlobalSection
	GlobalSection(ExtensibilityGlobals) = postSolution
		SolutionGuid = {75537C42-F4F2-4749-A375-4977D8B663F4}
	EndGlobalSection
EndGlobal
